
Microsoft Visual Studio Solution File, Format Version 12.00
# Visual Studio Version 16
VisualStudioVersion = 16.0.30717.126
MinimumVisualStudioVersion = 10.0.40219.1
Project("{FAE04EC0-301F-11D3-BF4B-00C04F79EFBC}") = "AVL_Tree", "AVL_Tree.csproj", "{EB841A33-68A2-45A1-818E-9BB9DFC1BFCE}"
EndProject
Global
	GlobalSection(SolutionConfigurationPlatforms) = preSolution
		Debug|Any CPU = Debug|Any CPU
		Release|Any CPU = Release|Any CPU
	EndGlobalSection
	GlobalSection(ProjectConfigurationPlatforms) = postSolution
		{EB841A33-68A2-45A1-818E-9BB9DFC1BFCE}.Debug|Any CPU.ActiveCfg = Debug|Any CPU
		{EB841A33-68A2-45A1-818E-9BB9DFC1BFCE}.Debug|Any CPU.Build.0 = Debug|Any CPU
		{EB841A33-68A2-45A1-818E-9BB9DFC1BFCE}.Release|Any CPU.ActiveCfg = Release|Any CPU
		{EB841A33-68A2-45A1-818E-9BB9DFC1BFCE}.Release|Any CPU.Build.0 = Release|Any CPU
	EndGlobalSection
	GlobalSection(SolutionProperties) = preSolution
		HideSolutionNode = FALSE
	EndGlobalSection
	GlobalSection(ExtensibilityGlobals) = postSolution
		SolutionGuid = {B0E6AF9E-1524-4650-B9E7-7FEA5B1B1D51}
	EndGlobalSection
EndGlobal
